
Microsoft Visual Studio Solution File, Format Version 12.00
# Visual Studio Version 17
VisualStudioVersion = 17.4.33110.190
MinimumVisualStudioVersion = 10.0.40219.1
Project("{FAE04EC0-301F-11D3-BF4B-00C04F79EFBC}") = "DemonList", "DemonList.csproj", "{AB260125-CEF1-40CC-BABA-E0F8E2BCF2A7}"
EndProject
Global
	GlobalSection(SolutionConfigurationPlatforms) = preSolution
		Debug|Any CPU = Debug|Any CPU
		Release|Any CPU = Release|Any CPU
	EndGlobalSection
	GlobalSection(ProjectConfigurationPlatforms) = postSolution
		{AB260125-CEF1-40CC-BABA-E0F8E2BCF2A7}.Debug|Any CPU.ActiveCfg = Debug|Any CPU
		{AB260125-CEF1-40CC-BABA-E0F8E2BCF2A7}.Debug|Any CPU.Build.0 = Debug|Any CPU
		{AB260125-CEF1-40CC-BABA-E0F8E2BCF2A7}.Release|Any CPU.ActiveCfg = Release|Any CPU
		{AB260125-CEF1-40CC-BABA-E0F8E2BCF2A7}.Release|Any CPU.Build.0 = Release|Any CPU
	EndGlobalSection
	GlobalSection(SolutionProperties) = preSolution
		HideSolutionNode = FALSE
	EndGlobalSection
	GlobalSection(ExtensibilityGlobals) = postSolution
		SolutionGuid = {E72CD617-1D44-48D0-9818-869590B11FDB}
	EndGlobalSection
EndGlobal
